Database Indexing Machine Learning Algorithm NLP Blockchain API WebSockets Containerization React Virtual Machines Success is not in what you have, but who you are. JWT Success doesn’t just find you. You have to go out and get it. I find that the harder I work, the more luck I seem to have. Kubernetes
Success is how high you bounce when you hit bottom. RabbitMQ Kubernetes Replica Set Agile Version Control Cache Invalidation Data Pipeline Sharding Deployment Content Delivery Network If you can dream it, you can do it.
