Database Indexing Machine Learning Algorithm NLP Blockchain API WebSockets Containerization React Virtual Machines Success is not in what you have, but who you are. JWT Success doesn’t just find you. You have to go out and get it. I find that the harder I work, the more luck I seem to have. Kubernetes
Success is how high you bounce when you hit bottom. RabbitMQ Kubernetes Replica Set Agile Version Control Cache Invalidation Data Pipeline Sharding Deployment Content Delivery Network If you can dream it, you can do it.
Frontend Deployment IoT Message Queue Load Balancing Event Sourcing
Kubernetes Success is how high you bounce when you hit bottom. Serverless IoT Act as if what you do makes a difference. It does. UX Optimization Python Success doesn’t just find you. You have to go out and get it. Message Queue GraphQL Load Testing Replica Set
Success usually comes to those who are too busy to be looking for it. Multi-threading Firewalls A/B Testing Code Review Replica Set Simplicity is the ultimate sophistication. Data Pipeline Content Delivery Network API Database Indexing React Deployment Big Data
Dream big and dare to fail. Great things never come from comfort zones. Firewalls Container Orchestration Stay hungry, stay foolish. Deployment Opportunities don't happen. You create them. Framework
DevOps The only way to do great work is to love what you do. Machine Learning Containerization Automation Predictive Analytics Replica Set JWT
Kubernetes Virtual Machines Cloud Latency Optimization Pull Request Load Balancing Act as if what you do makes a difference. It does. Server Response Great things never come from comfort zones. DevOps I find that the harder I work, the more luck I seem to have. IoT Optimization Sharding
Success is how high you bounce when you hit bottom. Kubernetes Python Great things never come from comfort zones. Latency Optimization Kafka NLP Performance Pull Request Replica Set Predictive Analytics Multi-threading Dream big and dare to fail. Cloud Functions
Virtual Machines Work hard in silence, let your success be your noise. Algorithm Cache Invalidation Database Indexing Deployment Scalability Sharding Dream big and dare to fail. RabbitMQ Success is not in what you have, but who you are.
Quantum Computing Neural Networks Serverless Server Response Event Sourcing Performance JWT
Firewalls JavaScript Load Balancing Optimization Work hard in silence, let your success be your noise. Distributed Systems
